<?xml version="1.0" encoding="utf-8"?>
<Project ToolsVersion="4.0" xmlns="http://schemas.microsoft.com/developer/msbuild/2003">
  <ItemGroup>
    <Filter Include="소스 파일">
      <UniqueIdentifier>{4FC737F1-C7A5-4376-A066-2A32D752A2FF}</UniqueIdentifier>
      <Extensions>cpp;c;cc;cxx;c++;cppm;ixx;def;odl;idl;hpj;bat;asm;asmx</Extensions>
    </Filter>
    <Filter Include="헤더 파일">
      <UniqueIdentifier>{93995380-89BD-4b04-88EB-625FBE52EBFB}</UniqueIdentifier>
      <Extensions>h;hh;hpp;hxx;h++;hm;inl;inc;ipp;xsd</Extensions>
    </Filter>
    <Filter Include="리소스 파일">
      <UniqueIdentifier>{67DA6AB6-F800-4c08-8B7A-83BB121AAD01}</UniqueIdentifier>
      <Extensions>rc;ico;cur;bmp;dlg;rc2;rct;bin;rgs;gif;jpg;jpeg;jpe;resx;tiff;tif;png;wav;mfcribbon-ms</Extensions>
    </Filter>
  </ItemGroup>
  <ItemGroup>
    <ClCompile Include="Unit03\hello_with_format.c">
      <Filter>소스 파일</Filter>
    </ClCompile>
    <ClCompile Include="Unit03\practice_hello.c">
      <Filter>소스 파일</Filter>
    </ClCompile>
    <ClCompile Include="Unit03\practice_hello_with_format.c">
      <Filter>소스 파일</Filter>
    </ClCompile>
    <ClCompile Include="Unit05\variable_multiple_decl.c">
      <Filter>소스 파일</Filter>
    </ClCompile>
    <ClCompile Include="Unit07\practice_variable.c">
      <Filter>소스 파일</Filter>
    </ClCompile>
    <ClCompile Include="Unit05\variable.c">
      <Filter>소스 파일</Filter>
    </ClCompile>
    <ClCompile Include="Unit05\variable_decl_init.c">
      <Filter>소스 파일</Filter>
    </ClCompile>
    <ClCompile Include="Unit07\unsigned_integer.c">
      <Filter>소스 파일</Filter>
    </ClCompile>
    <ClCompile Include="Unit07\integer.c">
      <Filter>소스 파일</Filter>
    </ClCompile>
    <ClCompile Include="Unit03\hello.c">
      <Filter>소스 파일</Filter>
    </ClCompile>
    <ClCompile Include="Unit07\integer_overflow.c">
      <Filter>소스 파일</Filter>
    </ClCompile>
    <ClCompile Include="Unit07\integer_sizeof.c">
      <Filter>소스 파일</Filter>
    </ClCompile>
    <ClCompile Include="Unit07\integer_type_sizeof.c">
      <Filter>소스 파일</Filter>
    </ClCompile>
    <ClCompile Include="Unit07\integer_min.c">
      <Filter>소스 파일</Filter>
    </ClCompile>
    <ClCompile Include="Unit07\integer_max_overflow.c">
      <Filter>소스 파일</Filter>
    </ClCompile>
    <ClCompile Include="Unit07\integer_min_underflow.c">
      <Filter>소스 파일</Filter>
    </ClCompile>
    <ClCompile Include="Unit07\integer_stdint.c">
      <Filter>소스 파일</Filter>
    </ClCompile>
    <ClCompile Include="Unit05\practice_variable.c">
      <Filter>소스 파일</Filter>
    </ClCompile>
    <ClCompile Include="Unit07\practice_integer_overflow.c">
      <Filter>소스 파일</Filter>
    </ClCompile>
    <ClCompile Include="Unit07\practice_integer_sizeof.c">
      <Filter>소스 파일</Filter>
    </ClCompile>
    <ClCompile Include="Unit07\practice_integer_max.c">
      <Filter>소스 파일</Filter>
    </ClCompile>
    <ClCompile Include="Unit07\practice_integer_stdint.c">
      <Filter>소스 파일</Filter>
    </ClCompile>
    <ClCompile Include="Unit07\judge_integer_overflow.c">
      <Filter>소스 파일</Filter>
    </ClCompile>
    <ClCompile Include="Unit07\judge_integer_sizeof.c">
      <Filter>소스 파일</Filter>
    </ClCompile>
    <ClCompile Include="Unit07\judge_integer_min.c">
      <Filter>소스 파일</Filter>
    </ClCompile>
    <ClCompile Include="Unit07\judge_integer_stdint.c">
      <Filter>소스 파일</Filter>
    </ClCompile>
    <ClCompile Include="Unit08\real_number.c">
      <Filter>소스 파일</Filter>
    </ClCompile>
    <ClCompile Include="Unit08\real_number_exponential_notation.c">
      <Filter>소스 파일</Filter>
    </ClCompile>
    <ClCompile Include="Unit08\real_number_sizeof.c">
      <Filter>소스 파일</Filter>
    </ClCompile>
    <ClCompile Include="Unit08\real_number_min_max.c">
      <Filter>소스 파일</Filter>
    </ClCompile>
    <ClCompile Include="Unit08\real_number_overflow_underflow.c">
      <Filter>소스 파일</Filter>
    </ClCompile>
    <ClCompile Include="Unit08\practice_real_number.c">
      <Filter>소스 파일</Filter>
    </ClCompile>
    <ClCompile Include="Unit08\practice_real_number_sizeof.c">
      <Filter>소스 파일</Filter>
    </ClCompile>
    <ClCompile Include="Unit08\practice_real_number_min_max.c">
      <Filter>소스 파일</Filter>
    </ClCompile>
    <ClCompile Include="Unit08\practice_real_number_under_flow.c">
      <Filter>소스 파일</Filter>
    </ClCompile>
    <ClCompile Include="Unit08\judge_real_number_sizeof.c">
      <Filter>소스 파일</Filter>
    </ClCompile>
    <ClCompile Include="Unit08\judge_real_number_min_max.c">
      <Filter>소스 파일</Filter>
    </ClCompile>
    <ClCompile Include="Unit08\judge_real_number_overflow.c">
      <Filter>소스 파일</Filter>
    </ClCompile>
    <ClCompile Include="Unit09\char.c">
      <Filter>소스 파일</Filter>
    </ClCompile>
    <ClCompile Include="Unit09\char_ascii.c">
      <Filter>소스 파일</Filter>
    </ClCompile>
    <ClCompile Include="Unit09\char_ascii_hex.c">
      <Filter>소스 파일</Filter>
    </ClCompile>
    <ClCompile Include="Unit09\char_zero.c">
      <Filter>소스 파일</Filter>
    </ClCompile>
    <ClCompile Include="Unit09\char_plus.c">
      <Filter>소스 파일</Filter>
    </ClCompile>
    <ClCompile Include="Unit09\char_linefeed.c">
      <Filter>소스 파일</Filter>
    </ClCompile>
    <ClCompile Include="Unit09\char_linefeed_ascii.c">
      <Filter>소스 파일</Filter>
    </ClCompile>
    <ClCompile Include="Unit09\practice_char_tab.c">
      <Filter>소스 파일</Filter>
    </ClCompile>
    <ClCompile Include="Unit09\practice_integer_to_char.c">
      <Filter>소스 파일</Filter>
    </ClCompile>
    <ClCompile Include="Unit09\judge_char_control.c">
      <Filter>소스 파일</Filter>
    </ClCompile>
    <ClCompile Include="Unit09\judge_lowercase_to_uppercase.c">
      <Filter>소스 파일</Filter>
    </ClCompile>
    <ClCompile Include="Unit10\literal.c">
      <Filter>소스 파일</Filter>
    </ClCompile>
    <ClCompile Include="Unit10\integer_literal.c">
      <Filter>소스 파일</Filter>
    </ClCompile>
    <ClCompile Include="Unit10\real_number_literal.c">
      <Filter>소스 파일</Filter>
    </ClCompile>
    <ClCompile Include="Unit10\const.c">
      <Filter>소스 파일</Filter>
    </ClCompile>
    <ClCompile Include="Unit10\const_assign_error.c">
      <Filter>소스 파일</Filter>
    </ClCompile>
    <ClCompile Include="Unit10\integer_literal_suffix.c">
      <Filter>소스 파일</Filter>
    </ClCompile>
    <ClCompile Include="Unit10\integer_literal_oct_hex_suffix.c">
      <Filter>소스 파일</Filter>
    </ClCompile>
    <ClCompile Include="Unit10\real_number_literal_suffix.c">
      <Filter>소스 파일</Filter>
    </ClCompile>
    <ClCompile Include="Unit10\practice_literal.c">
      <Filter>소스 파일</Filter>
    </ClCompile>
    <ClCompile Include="Unit10\practice_const.c">
      <Filter>소스 파일</Filter>
    </ClCompile>
    <ClCompile Include="Unit10\judge_literal.c">
      <Filter>소스 파일</Filter>
    </ClCompile>
    <ClCompile Include="Unit10\judge_const.c">
      <Filter>소스 파일</Filter>
    </ClCompile>
    <ClCompile Include="Unit11\scanf_integer.c">
      <Filter>소스 파일</Filter>
    </ClCompile>
    <ClCompile Include="Unit11\scanf_two_integer.c">
      <Filter>소스 파일</Filter>
    </ClCompile>
    <ClCompile Include="Unit11\scanf_real_number.c">
      <Filter>소스 파일</Filter>
    </ClCompile>
    <ClCompile Include="Unit11\scanf_char.c">
      <Filter>소스 파일</Filter>
    </ClCompile>
    <ClCompile Include="Unit11\getchar.c">
      <Filter>소스 파일</Filter>
    </ClCompile>
    <ClCompile Include="Unit11\putchar.c">
      <Filter>소스 파일</Filter>
    </ClCompile>
    <ClCompile Include="Unit11\practice_scanf_three_integer.c">
      <Filter>소스 파일</Filter>
    </ClCompile>
    <ClCompile Include="Unit12\add_sub_integer.c">
      <Filter>소스 파일</Filter>
    </ClCompile>
    <ClCompile Include="Unit12\add_sub_real_number.c">
      <Filter>소스 파일</Filter>
    </ClCompile>
    <ClCompile Include="Unit12\add_sub_variable.c">
      <Filter>소스 파일</Filter>
    </ClCompile>
    <ClCompile Include="Unit12\add_sub_assign.c">
      <Filter>소스 파일</Filter>
    </ClCompile>
    <ClCompile Include="Unit12\practice_add_sub.c">
      <Filter>소스 파일</Filter>
    </ClCompile>
    <ClCompile Include="Unit12\judge_add_sub.c">
      <Filter>소스 파일</Filter>
    </ClCompile>
    <ClCompile Include="Unit13\increment_integer.c">
      <Filter>소스 파일</Filter>
    </ClCompile>
    <ClCompile Include="Unit13\decrement_integer.c">
      <Filter>소스 파일</Filter>
    </ClCompile>
    <ClCompile Include="Unit13\increment_decrement_real_number.c">
      <Filter>소스 파일</Filter>
    </ClCompile>
    <ClCompile Include="Unit13\increment_decrement_char.c">
      <Filter>소스 파일</Filter>
    </ClCompile>
    <ClCompile Include="Unit13\increment_decrement_postfix.c">
      <Filter>소스 파일</Filter>
    </ClCompile>
    <ClCompile Include="Unit13\increment_decrement_prefix.c">
      <Filter>소스 파일</Filter>
    </ClCompile>
    <ClCompile Include="Unit13\increment_decrement_postfix_argument.c">
      <Filter>소스 파일</Filter>
    </ClCompile>
    <ClCompile Include="Unit13\increment_decrement_prefix_argument.c">
      <Filter>소스 파일</Filter>
    </ClCompile>
    <ClCompile Include="Unit13\practice_increment_decrement.c">
      <Filter>소스 파일</Filter>
    </ClCompile>
    <ClCompile Include="Unit13\judge_increment_decrement.c">
      <Filter>소스 파일</Filter>
    </ClCompile>
    <ClCompile Include="Unit14\mul_div_integer.c">
      <Filter>소스 파일</Filter>
    </ClCompile>
    <ClCompile Include="Unit14\div_zero_integer_error.c">
      <Filter>소스 파일</Filter>
    </ClCompile>
    <ClCompile Include="Unit14\mul_div_real_number.c">
      <Filter>소스 파일</Filter>
    </ClCompile>
    <ClCompile Include="Unit14\div_zero_real_number_error.c">
      <Filter>소스 파일</Filter>
    </ClCompile>
    <ClCompile Include="Unit14\mul_div_variable.c">
      <Filter>소스 파일</Filter>
    </ClCompile>
    <ClCompile Include="Unit14\mul_div_assign.c">
      <Filter>소스 파일</Filter>
    </ClCompile>
    <ClCompile Include="Unit14\practice_area_of_triangle.c">
      <Filter>소스 파일</Filter>
    </ClCompile>
    <ClCompile Include="Unit14\judge_area_of_circle.c">
      <Filter>소스 파일</Filter>
    </ClCompile>
    <ClCompile Include="Unit15\mod.c">
      <Filter>소스 파일</Filter>
    </ClCompile>
    <ClCompile Include="Unit15\fmod.c">
      <Filter>소스 파일</Filter>
    </ClCompile>
    <ClCompile Include="Unit15\mod_variable.c">
      <Filter>소스 파일</Filter>
    </ClCompile>
    <ClCompile Include="Unit15\mod_assign.c">
      <Filter>소스 파일</Filter>
    </ClCompile>
    <ClCompile Include="Unit15\practice_multiples_of_three.c">
      <Filter>소스 파일</Filter>
    </ClCompile>
    <ClCompile Include="Unit16\type_promotion_int_to_float.c">
      <Filter>소스 파일</Filter>
    </ClCompile>
    <ClCompile Include="Unit16\type_promotion_int_to_long_long.c">
      <Filter>소스 파일</Filter>
    </ClCompile>
    <ClCompile Include="Unit16\type_demotion_float_to_int.c">
      <Filter>소스 파일</Filter>
    </ClCompile>
    <ClCompile Include="Unit16\type_demotion_int_to_char.c">
      <Filter>소스 파일</Filter>
    </ClCompile>
    <ClCompile Include="Unit16\practice_type_promotion.c">
      <Filter>소스 파일</Filter>
    </ClCompile>
    <ClCompile Include="Unit16\judge_type_demotion.c">
      <Filter>소스 파일</Filter>
    </ClCompile>
    <ClCompile Include="Unit17\if.c">
      <Filter>소스 파일</Filter>
    </ClCompile>
    <ClCompile Include="Unit17\if_semicolon.c">
      <Filter>소스 파일</Filter>
    </ClCompile>
    <ClCompile Include="Unit17\if_omit_brace.c">
      <Filter>소스 파일</Filter>
    </ClCompile>
    <ClCompile Include="Unit17\if_omit_brace_two_lines.c">
      <Filter>소스 파일</Filter>
    </ClCompile>
    <ClCompile Include="Unit17\if_brace_two_lines.c">
      <Filter>소스 파일</Filter>
    </ClCompile>
    <ClCompile Include="Unit17\if_char.c">
      <Filter>소스 파일</Filter>
    </ClCompile>
    <ClCompile Include="Unit17\if_scanf.c">
      <Filter>소스 파일</Filter>
    </ClCompile>
    <ClCompile Include="Unit17\practice_if_char.c">
      <Filter>소스 파일</Filter>
    </ClCompile>
    <ClCompile Include="Unit18\if_else.c">
      <Filter>소스 파일</Filter>
    </ClCompile>
    <ClCompile Include="Unit18\if_else_semicolon.c">
      <Filter>소스 파일</Filter>
    </ClCompile>
    <ClCompile Include="Unit18\if_else_omit_brace.c">
      <Filter>소스 파일</Filter>
    </ClCompile>
    <ClCompile Include="Unit18\if_else_omit_brace_two_lines_error.c">
      <Filter>소스 파일</Filter>
    </ClCompile>
    <ClCompile Include="Unit18\if_else_brace_two_lines.c">
      <Filter>소스 파일</Filter>
    </ClCompile>
    <ClCompile Include="Unit18\if_2.c">
      <Filter>소스 파일</Filter>
    </ClCompile>
    <ClCompile Include="Unit18\if_0.c">
      <Filter>소스 파일</Filter>
    </ClCompile>
    <ClCompile Include="Unit18\if_assign.c">
      <Filter>소스 파일</Filter>
    </ClCompile>
    <ClCompile Include="Unit18\if_else_multiple_cond_exp.c">
      <Filter>소스 파일</Filter>
    </ClCompile>
    <ClCompile Include="Unit18\practice_if_else.c">
      <Filter>소스 파일</Filter>
    </ClCompile>
    <ClCompile Include="Unit18\practice_if_else_multiple_cond_exp.c">
      <Filter>소스 파일</Filter>
    </ClCompile>
    <ClCompile Include="Unit19\if_elseif.c">
      <Filter>소스 파일</Filter>
    </ClCompile>
    <ClCompile Include="Unit19\if_elseif_else.c">
      <Filter>소스 파일</Filter>
    </ClCompile>
    <ClCompile Include="Unit19\practice_if_elseif_else.c">
      <Filter>소스 파일</Filter>
    </ClCompile>
    <ClCompile Include="Unit20\comparison_operator.c">
      <Filter>소스 파일</Filter>
    </ClCompile>
    <ClCompile Include="Unit20\if__else.c">
      <Filter>소스 파일</Filter>
    </ClCompile>
    <ClCompile Include="Unit20\ternary_conditional_operator.c">
      <Filter>소스 파일</Filter>
    </ClCompile>
    <ClCompile Include="Unit20\comparison_ternary_conditional_operator.c">
      <Filter>소스 파일</Filter>
    </ClCompile>
    <ClCompile Include="Unit20\comparison_operator_if_integer.c">
      <Filter>소스 파일</Filter>
    </ClCompile>
    <ClCompile Include="Unit20\comparison_operator_if_real_number.c">
      <Filter>소스 파일</Filter>
    </ClCompile>
    <ClCompile Include="Unit20\ternary_conditional_operator_argument.c">
      <Filter>소스 파일</Filter>
    </ClCompile>
    <ClCompile Include="Unit20\practice_comparison_operator.c">
      <Filter>소스 파일</Filter>
    </ClCompile>
    <ClCompile Include="Unit20\practice_ternary_conditional_operator.c">
      <Filter>소스 파일</Filter>
    </ClCompile>
    <ClCompile Include="Unit20\judge_ternary_conditional_operator.c">
      <Filter>소스 파일</Filter>
    </ClCompile>
    <ClCompile Include="Unit22\boolean.c">
      <Filter>소스 파일</Filter>
    </ClCompile>
    <ClCompile Include="Unit22\judge_boolean.c">
      <Filter>소스 파일</Filter>
    </ClCompile>
  </ItemGroup>
</Project>